
Microsoft Visual Studio Solution File, Format Version 12.00
# Visual Studio Version 16
VisualStudioVersion = 16.0.31729.503
MinimumVisualStudioVersion = 10.0.40219.1
Project("{FAE04EC0-301F-11D3-BF4B-00C04F79EFBC}") = "Ders11_Reflection", "Ders11_Reflection\Ders11_Reflection.csproj", "{30580CB9-80B0-41EB-82CF-EF4626B2E7A1}"
EndProject
Global
	GlobalSection(SolutionConfigurationPlatforms) = preSolution
		Debug|Any CPU = Debug|Any CPU
		Release|Any CPU = Release|Any CPU
	EndGlobalSection
	GlobalSection(ProjectConfigurationPlatforms) = postSolution
		{30580CB9-80B0-41EB-82CF-EF4626B2E7A1}.Debug|Any CPU.ActiveCfg = Debug|Any CPU
		{30580CB9-80B0-41EB-82CF-EF4626B2E7A1}.Debug|Any CPU.Build.0 = Debug|Any CPU
		{30580CB9-80B0-41EB-82CF-EF4626B2E7A1}.Release|Any CPU.ActiveCfg = Release|Any CPU
		{30580CB9-80B0-41EB-82CF-EF4626B2E7A1}.Release|Any CPU.Build.0 = Release|Any CPU
	EndGlobalSection
	GlobalSection(SolutionProperties) = preSolution
		HideSolutionNode = FALSE
	EndGlobalSection
	GlobalSection(ExtensibilityGlobals) = postSolution
		SolutionGuid = {2A729FE2-4287-4DFD-9E8F-7D5D7089A193}
	EndGlobalSection
EndGlobal
