
Microsoft Visual Studio Solution File, Format Version 12.00
# Visual Studio Version 16
VisualStudioVersion = 16.0.31729.503
MinimumVisualStudioVersion = 10.0.40219.1
Project("{FAE04EC0-301F-11D3-BF4B-00C04F79EFBC}") = "Ders11_Attribute", "Ders11_Attribute\Ders11_Attribute.csproj", "{662A23FC-FA9B-4994-96AC-0B984DBAB9A8}"
EndProject
Global
	GlobalSection(SolutionConfigurationPlatforms) = preSolution
		Debug|Any CPU = Debug|Any CPU
		Release|Any CPU = Release|Any CPU
	EndGlobalSection
	GlobalSection(ProjectConfigurationPlatforms) = postSolution
		{662A23FC-FA9B-4994-96AC-0B984DBAB9A8}.Debug|Any CPU.ActiveCfg = Debug|Any CPU
		{662A23FC-FA9B-4994-96AC-0B984DBAB9A8}.Debug|Any CPU.Build.0 = Debug|Any CPU
		{662A23FC-FA9B-4994-96AC-0B984DBAB9A8}.Release|Any CPU.ActiveCfg = Release|Any CPU
		{662A23FC-FA9B-4994-96AC-0B984DBAB9A8}.Release|Any CPU.Build.0 = Release|Any CPU
	EndGlobalSection
	GlobalSection(SolutionProperties) = preSolution
		HideSolutionNode = FALSE
	EndGlobalSection
	GlobalSection(ExtensibilityGlobals) = postSolution
		SolutionGuid = {017F98D5-7372-4476-A31A-D54D6B463495}
	EndGlobalSection
EndGlobal
